
Microsoft Visual Studio Solution File, Format Version 12.00
# Visual Studio Version 17
VisualStudioVersion = 17.0.31903.59
MinimumVisualStudioVersion = 10.0.40219.1
Project("{2150E333-8FDC-42A3-9474-1A3956D46DE8}") = "src", "src", "{827E0CD3-B72D-47B6-A68D-7590B98EB39B}"
EndProject
Project("{FAE04EC0-301F-11D3-BF4B-00C04F79EFBC}") = "Payments.Application", "src\Payments.Application\Payments.Application.csproj", "{4E7FE778-5124-42A2-9523-705A3DC8D987}"
EndProject
Project("{FAE04EC0-301F-11D3-BF4B-00C04F79EFBC}") = "Payments.Api", "src\Payments.Api\Payments.Api.csproj", "{0CAEBDA5-B7FF-4CD5-8198-DA81560C7687}"
EndProject
Project("{FAE04EC0-301F-11D3-BF4B-00C04F79EFBC}") = "Payments.Worker", "src\Payments.Worker\Payments.Worker.csproj", "{1D0CBB46-5EDE-4C39-A8D1-F6DBFBADB97B}"
EndProject
Project("{FAE04EC0-301F-11D3-BF4B-00C04F79EFBC}") = "Payments.IntegrationTests", "src\Payments.IntegrationTests\Payments.IntegrationTests.csproj", "{70840A73-50B0-4821-A47C-4F8D16D36E36}"
EndProject
Global
	GlobalSection(SolutionConfigurationPlatforms) = preSolution
		Debug|Any CPU = Debug|Any CPU
		Debug|x64 = Debug|x64
		Debug|x86 = Debug|x86
		Release|Any CPU = Release|Any CPU
		Release|x64 = Release|x64
		Release|x86 = Release|x86
	EndGlobalSection
	GlobalSection(ProjectConfigurationPlatforms) = postSolution
		{4E7FE778-5124-42A2-9523-705A3DC8D987}.Debug|Any CPU.ActiveCfg = Debug|Any CPU
		{4E7FE778-5124-42A2-9523-705A3DC8D987}.Debug|Any CPU.Build.0 = Debug|Any CPU
		{4E7FE778-5124-42A2-9523-705A3DC8D987}.Debug|x64.ActiveCfg = Debug|Any CPU
		{4E7FE778-5124-42A2-9523-705A3DC8D987}.Debug|x64.Build.0 = Debug|Any CPU
		{4E7FE778-5124-42A2-9523-705A3DC8D987}.Debug|x86.ActiveCfg = Debug|Any CPU
		{4E7FE778-5124-42A2-9523-705A3DC8D987}.Debug|x86.Build.0 = Debug|Any CPU
		{4E7FE778-5124-42A2-9523-705A3DC8D987}.Release|Any CPU.ActiveCfg = Release|Any CPU
		{4E7FE778-5124-42A2-9523-705A3DC8D987}.Release|Any CPU.Build.0 = Release|Any CPU
		{4E7FE778-5124-42A2-9523-705A3DC8D987}.Release|x64.ActiveCfg = Release|Any CPU
		{4E7FE778-5124-42A2-9523-705A3DC8D987}.Release|x64.Build.0 = Release|Any CPU
		{4E7FE778-5124-42A2-9523-705A3DC8D987}.Release|x86.ActiveCfg = Release|Any CPU
		{4E7FE778-5124-42A2-9523-705A3DC8D987}.Release|x86.Build.0 = Release|Any CPU
		{0CAEBDA5-B7FF-4CD5-8198-DA81560C7687}.Debug|Any CPU.ActiveCfg = Debug|Any CPU
		{0CAEBDA5-B7FF-4CD5-8198-DA81560C7687}.Debug|Any CPU.Build.0 = Debug|Any CPU
		{0CAEBDA5-B7FF-4CD5-8198-DA81560C7687}.Debug|x64.ActiveCfg = Debug|Any CPU
		{0CAEBDA5-B7FF-4CD5-8198-DA81560C7687}.Debug|x64.Build.0 = Debug|Any CPU
		{0CAEBDA5-B7FF-4CD5-8198-DA81560C7687}.Debug|x86.ActiveCfg = Debug|Any CPU
		{0CAEBDA5-B7FF-4CD5-8198-DA81560C7687}.Debug|x86.Build.0 = Debug|Any CPU
		{0CAEBDA5-B7FF-4CD5-8198-DA81560C7687}.Release|Any CPU.ActiveCfg = Release|Any CPU
		{0CAEBDA5-B7FF-4CD5-8198-DA81560C7687}.Release|Any CPU.Build.0 = Release|Any CPU
		{0CAEBDA5-B7FF-4CD5-8198-DA81560C7687}.Release|x64.ActiveCfg = Release|Any CPU
		{0CAEBDA5-B7FF-4CD5-8198-DA81560C7687}.Release|x64.Build.0 = Release|Any CPU
		{0CAEBDA5-B7FF-4CD5-8198-DA81560C7687}.Release|x86.ActiveCfg = Release|Any CPU
		{0CAEBDA5-B7FF-4CD5-8198-DA81560C7687}.Release|x86.Build.0 = Release|Any CPU
		{1D0CBB46-5EDE-4C39-A8D1-F6DBFBADB97B}.Debug|Any CPU.ActiveCfg = Debug|Any CPU
		{1D0CBB46-5EDE-4C39-A8D1-F6DBFBADB97B}.Debug|Any CPU.Build.0 = Debug|Any CPU
		{1D0CBB46-5EDE-4C39-A8D1-F6DBFBADB97B}.Debug|x64.ActiveCfg = Debug|Any CPU
		{1D0CBB46-5EDE-4C39-A8D1-F6DBFBADB97B}.Debug|x64.Build.0 = Debug|Any CPU
		{1D0CBB46-5EDE-4C39-A8D1-F6DBFBADB97B}.Debug|x86.ActiveCfg = Debug|Any CPU
		{1D0CBB46-5EDE-4C39-A8D1-F6DBFBADB97B}.Debug|x86.Build.0 = Debug|Any CPU
		{1D0CBB46-5EDE-4C39-A8D1-F6DBFBADB97B}.Release|Any CPU.ActiveCfg = Release|Any CPU
		{1D0CBB46-5EDE-4C39-A8D1-F6DBFBADB97B}.Release|Any CPU.Build.0 = Release|Any CPU
		{1D0CBB46-5EDE-4C39-A8D1-F6DBFBADB97B}.Release|x64.ActiveCfg = Release|Any CPU
		{1D0CBB46-5EDE-4C39-A8D1-F6DBFBADB97B}.Release|x64.Build.0 = Release|Any CPU
		{1D0CBB46-5EDE-4C39-A8D1-F6DBFBADB97B}.Release|x86.ActiveCfg = Release|Any CPU
		{1D0CBB46-5EDE-4C39-A8D1-F6DBFBADB97B}.Release|x86.Build.0 = Release|Any CPU
		{70840A73-50B0-4821-A47C-4F8D16D36E36}.Debug|Any CPU.ActiveCfg = Debug|Any CPU
		{70840A73-50B0-4821-A47C-4F8D16D36E36}.Debug|Any CPU.Build.0 = Debug|Any CPU
		{70840A73-50B0-4821-A47C-4F8D16D36E36}.Debug|x64.ActiveCfg = Debug|Any CPU
		{70840A73-50B0-4821-A47C-4F8D16D36E36}.Debug|x64.Build.0 = Debug|Any CPU
		{70840A73-50B0-4821-A47C-4F8D16D36E36}.Debug|x86.ActiveCfg = Debug|Any CPU
		{70840A73-50B0-4821-A47C-4F8D16D36E36}.Debug|x86.Build.0 = Debug|Any CPU
		{70840A73-50B0-4821-A47C-4F8D16D36E36}.Release|Any CPU.ActiveCfg = Release|Any CPU
		{70840A73-50B0-4821-A47C-4F8D16D36E36}.Release|Any CPU.Build.0 = Release|Any CPU
		{70840A73-50B0-4821-A47C-4F8D16D36E36}.Release|x64.ActiveCfg = Release|Any CPU
		{70840A73-50B0-4821-A47C-4F8D16D36E36}.Release|x64.Build.0 = Release|Any CPU
		{70840A73-50B0-4821-A47C-4F8D16D36E36}.Release|x86.ActiveCfg = Release|Any CPU
		{70840A73-50B0-4821-A47C-4F8D16D36E36}.Release|x86.Build.0 = Release|Any CPU
	EndGlobalSection
	GlobalSection(SolutionProperties) = preSolution
		HideSolutionNode = FALSE
	EndGlobalSection
	GlobalSection(NestedProjects) = preSolution
		{4E7FE778-5124-42A2-9523-705A3DC8D987} = {827E0CD3-B72D-47B6-A68D-7590B98EB39B}
		{0CAEBDA5-B7FF-4CD5-8198-DA81560C7687} = {827E0CD3-B72D-47B6-A68D-7590B98EB39B}
		{1D0CBB46-5EDE-4C39-A8D1-F6DBFBADB97B} = {827E0CD3-B72D-47B6-A68D-7590B98EB39B}
		{70840A73-50B0-4821-A47C-4F8D16D36E36} = {827E0CD3-B72D-47B6-A68D-7590B98EB39B}
	EndGlobalSection
EndGlobal
